{
  "version": 4,
  "terraform_version": "1.3.7",
  "serial": 49,
  "lineage": "eb20aa24-b757-86ec-999e-3561158909c3",
  "outputs": {
    "topic_arn": {
      "value": "arn:aws:sns:us-east-1:683732500974:DataBakersStack-EmailSNSTopic-49dGWS0MiChr",
      "type": "string"
    }
  },
  "resources": [
    {
      "mode": "data",
      "type": "archive_file",
      "name": "extractor_lambda",
      "provider": "provider[\"registry.terraform.io/hashicorp/archive\"]",
      "instances": [
        {
          "schema_version": 0,
          "attributes": {
            "excludes": null,
            "id": "80a86b11b6f063a7b661787af1403652536eb7b1",
            "output_base64sha256": "PFRsYFRtEfJ1A5XsGvinBDasqTo+6x+eftz/a0uZcBs=",
            "output_file_mode": null,
            "output_md5": "99b69416ee20cc5a8e7cd2d2a616d071",
            "output_path": "../terraform/code_zip/extractor_lambda.zip",
            "output_sha": "80a86b11b6f063a7b661787af1403652536eb7b1",
            "output_size": 1155,
            "source": [],
            "source_content": null,
            "source_content_filename": null,
            "source_dir": null,
            "source_file": "../src/extractor_lambda.py",
            "type": "zip"
          },
          "sensitive_attributes": []
        }
      ]
    },
    {
      "mode": "data",
      "type": "archive_file",
      "name": "tester_lambda",
      "provider": "provider[\"registry.terraform.io/hashicorp/archive\"]",
      "instances": [
        {
          "schema_version": 0,
          "attributes": {
            "excludes": null,
            "id": "595c1410a3592366bc79a26ce0cefba5c24e8419",
            "output_base64sha256": "lws/erBvEaIU9mkA18qyIcdisJh9eBfp/XsEc7QLLJE=",
            "output_file_mode": null,
            "output_md5": "dad8fb40dbb4666904062be71ee009fc",
            "output_path": "../terraform/code_zip/tester_lambda.zip",
            "output_sha": "595c1410a3592366bc79a26ce0cefba5c24e8419",
            "output_size": 1149,
            "source": [],
            "source_content": null,
            "source_content_filename": null,
            "source_dir": null,
            "source_file": "../src/tester_lambda.py",
            "type": "zip"
          },
          "sensitive_attributes": []
        }
      ]
    },
    {
      "mode": "data",
      "type": "aws_caller_identity",
      "name": "current",
      "provider": "provider[\"registry.terraform.io/hashicorp/aws\"]",
      "instances": [
        {
          "schema_version": 0,
          "attributes": {
            "account_id": "683732500974",
            "arn": "arn:aws:iam::683732500974:user/Whiz_User_81296.84197448",
            "id": "683732500974",
            "user_id": "AIDAZ6MNCAHXAAK64PL2T"
          },
          "sensitive_attributes": []
        }
      ]
    },
    {
      "mode": "data",
      "type": "aws_iam_policy_document",
      "name": "cw_document",
      "provider": "provider[\"registry.terraform.io/hashicorp/aws\"]",
      "instances": [
        {
          "schema_version": 0,
          "attributes": {
            "id": "1837014822",
            "json": "{\n  \"Version\": \"2012-10-17\",\n  \"Statement\": [\n    {\n      \"Sid\": \"\",\n      \"Effect\": \"Allow\",\n      \"Action\": \"logs:CreateLogGroup\",\n      \"Resource\": \"arn:aws:logs:us-east-1:683732500974:*\"\n    },\n    {\n      \"Sid\": \"\",\n      \"Effect\": \"Allow\",\n      \"Action\": [\n        \"logs:PutRetentionPolicy\",\n        \"logs:PutLogEvents\",\n        \"logs:CreateLogStream\",\n        \"logs:CreateLogGroup\"\n      ],\n      \"Resource\": \"arn:aws:logs:us-east-1:683732500974:log-group:/aws/lambda/data_extractor:*\"\n    }\n  ]\n}",
            "override_json": null,
            "override_policy_documents": null,
            "policy_id": null,
            "source_json": null,
            "source_policy_documents": null,
            "statement": [
              {
                "actions": [
                  "logs:CreateLogGroup"
                ],
                "condition": [],
                "effect": "Allow",
                "not_actions": [],
                "not_principals": [],
                "not_resources": [],
                "principals": [],
                "resources": [
                  "arn:aws:logs:us-east-1:683732500974:*"
                ],
                "sid": ""
              },
              {
                "actions": [
                  "logs:CreateLogGroup",
                  "logs:CreateLogStream",
                  "logs:PutLogEvents",
                  "logs:PutRetentionPolicy"
                ],
                "condition": [],
                "effect": "Allow",
                "not_actions": [],
                "not_principals": [],
                "not_resources": [],
                "principals": [],
                "resources": [
                  "arn:aws:logs:us-east-1:683732500974:log-group:/aws/lambda/data_extractor:*"
                ],
                "sid": ""
              }
            ],
            "version": "2012-10-17"
          },
          "sensitive_attributes": []
        }
      ]
    },
    {
      "mode": "data",
      "type": "aws_iam_policy_document",
      "name": "s3_read_document",
      "provider": "provider[\"registry.terraform.io/hashicorp/aws\"]",
      "instances": [
        {
          "schema_version": 0,
          "attributes": {
            "id": "59597187",
            "json": "{\n  \"Version\": \"2012-10-17\",\n  \"Statement\": [\n    {\n      \"Sid\": \"\",\n      \"Effect\": \"Allow\",\n      \"Action\": \"s3:GetObject\",\n      \"Resource\": [\n        \"arn:aws:s3:::nc-de-databakers-tester-data-20230216110403613200000006/*\",\n        \"arn:aws:s3:::nc-de-databakers-code-valut-20230216110403613200000005/*\"\n      ]\n    }\n  ]\n}",
            "override_json": null,
            "override_policy_documents": null,
            "policy_id": null,
            "source_json": null,
            "source_policy_documents": null,
            "statement": [
              {
                "actions": [
                  "s3:GetObject"
                ],
                "condition": [],
                "effect": "Allow",
                "not_actions": [],
                "not_principals": [],
                "not_resources": [],
                "principals": [],
                "resources": [
                  "arn:aws:s3:::nc-de-databakers-code-valut-20230216110403613200000005/*",
                  "arn:aws:s3:::nc-de-databakers-tester-data-20230216110403613200000006/*"
                ],
                "sid": ""
              }
            ],
            "version": "2012-10-17"
          },
          "sensitive_attributes": []
        }
      ]
    },
    {
      "mode": "data",
      "type": "aws_iam_policy_document",
      "name": "s3_write_document",
      "provider": "provider[\"registry.terraform.io/hashicorp/aws\"]",
      "instances": [
        {
          "schema_version": 0,
          "attributes": {
            "id": "3881612854",
            "json": "{\n  \"Version\": \"2012-10-17\",\n  \"Statement\": [\n    {\n      \"Sid\": \"\",\n      \"Effect\": \"Allow\",\n      \"Action\": [\n        \"s3:PutObject\",\n        \"s3:ListBucket\",\n        \"s3:GetObject\"\n      ],\n      \"Resource\": \"arn:aws:s3:::nc-de-databakers-csv-store-20230216110403613100000004/input_csv_key/*\"\n    }\n  ]\n}",
            "override_json": null,
            "override_policy_documents": null,
            "policy_id": null,
            "source_json": null,
            "source_policy_documents": null,
            "statement": [
              {
                "actions": [
                  "s3:GetObject",
                  "s3:ListBucket",
                  "s3:PutObject"
                ],
                "condition": [],
                "effect": "Allow",
                "not_actions": [],
                "not_principals": [],
                "not_resources": [],
                "principals": [],
                "resources": [
                  "arn:aws:s3:::nc-de-databakers-csv-store-20230216110403613100000004/input_csv_key/*"
                ],
                "sid": ""
              }
            ],
            "version": "2012-10-17"
          },
          "sensitive_attributes": []
        }
      ]
    },
    {
      "mode": "data",
      "type": "aws_region",
      "name": "current",
      "provider": "provider[\"registry.terraform.io/hashicorp/aws\"]",
      "instances": [
        {
          "schema_version": 0,
          "attributes": {
            "description": "US East (N. Virginia)",
            "endpoint": "ec2.us-east-1.amazonaws.com",
            "id": "us-east-1",
            "name": "us-east-1"
          },
          "sensitive_attributes": []
        }
      ]
    },
    {
      "mode": "data",
      "type": "template_file",
      "name": "cloudformation_sns_stack",
      "provider": "provider[\"registry.terraform.io/hashicorp/template\"]",
      "instances": [
        {
          "schema_version": 0,
          "attributes": {
            "filename": null,
            "id": "51070027ce4fbb4dc8d771c60aacd5e03c131f6bbc9a18ce5a03baa77b26a8ba",
            "rendered": "{\n  \"AWSTemplateFormatVersion\": \"2010-09-09\",\n  \"Resources\" : {\n    \"EmailSNSTopic\": {\n      \"Type\" : \"AWS::SNS::Topic\",\n      \"Properties\" : {\n        \"DisplayName\" : \"kem oseo\",\n        \"Subscription\": [\n          { \"Endpoint\": \"kemoseo@gmail.com\", \"Protocol\": \"email\"  }\n        ]\n      }\n    }\n  },\n  \"Outputs\" : {\n    \"ARN\" : {\n      \"Description\" : \"Email SNS Topic ARN\",\n      \"Value\" : { \"Ref\" : \"EmailSNSTopic\" }\n    }\n  }\n}",
            "template": "{\n  \"AWSTemplateFormatVersion\": \"2010-09-09\",\n  \"Resources\" : {\n    \"EmailSNSTopic\": {\n      \"Type\" : \"AWS::SNS::Topic\",\n      \"Properties\" : {\n        \"DisplayName\" : \"${display_name}\",\n        \"Subscription\": [\n          ${subscriptions}\n        ]\n      }\n    }\n  },\n  \"Outputs\" : {\n    \"ARN\" : {\n      \"Description\" : \"Email SNS Topic ARN\",\n      \"Value\" : { \"Ref\" : \"EmailSNSTopic\" }\n    }\n  }\n}",
            "vars": {
              "display_name": "kem oseo",
              "subscriptions": "{ \"Endpoint\": \"kemoseo@gmail.com\", \"Protocol\": \"email\"  }"
            }
          },
          "sensitive_attributes": []
        }
      ]
    },
    {
      "mode": "managed",
      "type": "aws_cloudformation_stack",
      "name": "sns_topic",
      "provider": "provider[\"registry.terraform.io/hashicorp/aws\"]",
      "instances": [
        {
          "schema_version": 0,
          "attributes": {
            "capabilities": null,
            "disable_rollback": false,
            "iam_role_arn": "",
            "id": "arn:aws:cloudformation:us-east-1:683732500974:stack/DataBakersStack/2a30a780-ae03-11ed-bf89-12e4d1f03997",
            "name": "DataBakersStack",
            "notification_arns": null,
            "on_failure": null,
            "outputs": {
              "ARN": "arn:aws:sns:us-east-1:683732500974:DataBakersStack-EmailSNSTopic-49dGWS0MiChr"
            },
            "parameters": {},
            "policy_body": null,
            "policy_url": null,
            "tags": {
              "Name": "DataBakersStack"
            },
            "tags_all": {
              "Name": "DataBakersStack"
            },
            "template_body": "{\"AWSTemplateFormatVersion\":\"2010-09-09\",\"Outputs\":{\"ARN\":{\"Description\":\"Email SNS Topic ARN\",\"Value\":{\"Ref\":\"EmailSNSTopic\"}}},\"Resources\":{\"EmailSNSTopic\":{\"Properties\":{\"DisplayName\":\"kem oseo\",\"Subscription\":[{\"Endpoint\":\"kemoseo@gmail.com\",\"Protocol\":\"email\"}]},\"Type\":\"AWS::SNS::Topic\"}}}",
            "template_url": null,
            "timeout_in_minutes": 0,
            "timeouts": null
          },
          "sensitive_attributes": [],
          "private": "eyJlMmJmYjczMC1lY2FhLTExZTYtOGY4OC0zNDM2M2JjN2M0YzAiOnsiY3JlYXRlIjoxODAwMDAwMDAwMDAwLCJkZWxldGUiOjE4MDAwMDAwMDAwMDAsInVwZGF0ZSI6MTgwMDAwMDAwMDAwMH19",
          "dependencies": [
            "data.template_file.cloudformation_sns_stack"
          ]
        }
      ]
    },
    {
      "mode": "managed",
      "type": "aws_cloudwatch_event_rule",
      "name": "extractor_scheduler",
      "provider": "provider[\"registry.terraform.io/hashicorp/aws\"]",
      "instances": [
        {
          "schema_version": 0,
          "attributes": {
            "arn": "arn:aws:events:us-east-1:683732500974:rule/extractor-scheduler-20230216110539550800000001",
            "description": "",
            "event_bus_name": "default",
            "event_pattern": null,
            "id": "extractor-scheduler-20230216110539550800000001",
            "is_enabled": true,
            "name": "extractor-scheduler-20230216110539550800000001",
            "name_prefix": "extractor-scheduler-",
            "role_arn": "",
            "schedule_expression": "rate(1 minute)",
            "tags": {},
            "tags_all": {}
          },
          "sensitive_attributes": [],
          "private": "bnVsbA=="
        }
      ]
    },
    {
      "mode": "managed",
      "type": "aws_cloudwatch_event_target",
      "name": "lambda_target",
      "provider": "provider[\"registry.terraform.io/hashicorp/aws\"]",
      "instances": [
        {
          "schema_version": 1,
          "attributes": {
            "arn": "arn:aws:lambda:us-east-1:683732500974:function:data_extractor",
            "batch_target": [],
            "dead_letter_config": [],
            "ecs_target": [],
            "event_bus_name": "default",
            "http_target": [],
            "id": "extractor-scheduler-20230216110539550800000001-terraform-20230216110540358400000003",
            "input": "",
            "input_path": "",
            "input_transformer": [],
            "kinesis_target": [],
            "redshift_target": [],
            "retry_policy": [],
            "role_arn": "",
            "rule": "extractor-scheduler-20230216110539550800000001",
            "run_command_targets": [],
            "sqs_target": [],
            "target_id": "terraform-20230216110540358400000003"
          },
          "sensitive_attributes": [],
          "private": "eyJzY2hlbWFfdmVyc2lvbiI6IjEifQ==",
          "dependencies": [
            "aws_cloudwatch_event_rule.extractor_scheduler",
            "aws_iam_role.extractor_lambda_role",
            "aws_lambda_function.data_extractor",
            "aws_s3_bucket.code_bucket"
          ]
        }
      ]
    },
    {
      "mode": "managed",
      "type": "aws_cloudwatch_log_metric_filter",
      "name": "single_error",
      "provider": "provider[\"registry.terraform.io/hashicorp/aws\"]",
      "instances": []
    },
    {
      "mode": "managed",
      "type": "aws_cloudwatch_metric_alarm",
      "name": "alert_errors",
      "provider": "provider[\"registry.terraform.io/hashicorp/aws\"]",
      "instances": [
        {
          "schema_version": 1,
          "attributes": {
            "actions_enabled": true,
            "alarm_actions": [
              "arn:aws:sns:us-east-1:683732500974:DataBakersStack-EmailSNSTopic-49dGWS0MiChr"
            ],
            "alarm_description": "Metric filter activates alarm when error found",
            "alarm_name": "error_alert",
            "arn": "arn:aws:cloudwatch:us-east-1:683732500974:alarm:error_alert",
            "comparison_operator": "GreaterThanOrEqualToThreshold",
            "datapoints_to_alarm": 0,
            "dimensions": {},
            "evaluate_low_sample_count_percentiles": "",
            "evaluation_periods": 1,
            "extended_statistic": "",
            "id": "error_alert",
            "insufficient_data_actions": [],
            "metric_name": "error_metric",
            "metric_query": [],
            "namespace": "ErrorMetrics",
            "ok_actions": [],
            "period": 60,
            "statistic": "Sum",
            "tags": {},
            "tags_all": {},
            "threshold": 1,
            "threshold_metric_id": "",
            "treat_missing_data": "ignore",
            "unit": ""
          },
          "sensitive_attributes": [],
          "private": "eyJzY2hlbWFfdmVyc2lvbiI6IjEifQ==",
          "dependencies": [
            "aws_cloudformation_stack.sns_topic",
            "data.template_file.cloudformation_sns_stack"
          ]
        }
      ]
    },
    {
      "mode": "managed",
      "type": "aws_iam_policy",
      "name": "cw_policy",
      "provider": "provider[\"registry.terraform.io/hashicorp/aws\"]",
      "instances": [
        {
          "schema_version": 0,
          "attributes": {
            "arn": "arn:aws:iam::683732500974:policy/cw-policy-data_extractor-20230216110403608700000003",
            "description": "",
            "id": "arn:aws:iam::683732500974:policy/cw-policy-data_extractor-20230216110403608700000003",
            "name": "cw-policy-data_extractor-20230216110403608700000003",
            "name_prefix": "cw-policy-data_extractor-",
            "path": "/",
            "policy": "{\"Statement\":[{\"Action\":\"logs:CreateLogGroup\",\"Effect\":\"Allow\",\"Resource\":\"arn:aws:logs:us-east-1:683732500974:*\",\"Sid\":\"\"},{\"Action\":[\"logs:PutRetentionPolicy\",\"logs:PutLogEvents\",\"logs:CreateLogStream\",\"logs:CreateLogGroup\"],\"Effect\":\"Allow\",\"Resource\":\"arn:aws:logs:us-east-1:683732500974:log-group:/aws/lambda/data_extractor:*\",\"Sid\":\"\"}],\"Version\":\"2012-10-17\"}",
            "policy_id": "ANPAZ6MNCAHXHZRL2VGZP",
            "tags": {},
            "tags_all": {}
          },
          "sensitive_attributes": [],
          "private": "bnVsbA==",
          "dependencies": [
            "data.aws_caller_identity.current",
            "data.aws_iam_policy_document.cw_document",
            "data.aws_region.current"
          ]
        }
      ]
    },
    {
      "mode": "managed",
      "type": "aws_iam_policy",
      "name": "s3_read_policy",
      "provider": "provider[\"registry.terraform.io/hashicorp/aws\"]",
      "instances": [
        {
          "schema_version": 0,
          "attributes": {
            "arn": "arn:aws:iam::683732500974:policy/s3-policy-data_extractor-20230216110406341000000009",
            "description": "",
            "id": "arn:aws:iam::683732500974:policy/s3-policy-data_extractor-20230216110406341000000009",
            "name": "s3-policy-data_extractor-20230216110406341000000009",
            "name_prefix": "s3-policy-data_extractor-",
            "path": "/",
            "policy": "{\"Statement\":[{\"Action\":\"s3:GetObject\",\"Effect\":\"Allow\",\"Resource\":[\"arn:aws:s3:::nc-de-databakers-tester-data-20230216110403613200000006/*\",\"arn:aws:s3:::nc-de-databakers-code-valut-20230216110403613200000005/*\"],\"Sid\":\"\"}],\"Version\":\"2012-10-17\"}",
            "policy_id": "ANPAZ6MNCAHXMKB7WLYKA",
            "tags": {},
            "tags_all": {}
          },
          "sensitive_attributes": [],
          "private": "bnVsbA==",
          "dependencies": [
            "aws_s3_bucket.code_bucket",
            "aws_s3_bucket.tester_bucket",
            "data.aws_iam_policy_document.s3_read_document"
          ]
        }
      ]
    },
    {
      "mode": "managed",
      "type": "aws_iam_policy",
      "name": "s3_write_policy",
      "provider": "provider[\"registry.terraform.io/hashicorp/aws\"]",
      "instances": [
        {
          "schema_version": 0,
          "attributes": {
            "arn": "arn:aws:iam::683732500974:policy/s3-policy-data_extractor-20230216110406171700000008",
            "description": "",
            "id": "arn:aws:iam::683732500974:policy/s3-policy-data_extractor-20230216110406171700000008",
            "name": "s3-policy-data_extractor-20230216110406171700000008",
            "name_prefix": "s3-policy-data_extractor-",
            "path": "/",
            "policy": "{\"Statement\":[{\"Action\":[\"s3:PutObject\",\"s3:ListBucket\",\"s3:GetObject\"],\"Effect\":\"Allow\",\"Resource\":\"arn:aws:s3:::nc-de-databakers-csv-store-20230216110403613100000004/input_csv_key/*\",\"Sid\":\"\"}],\"Version\":\"2012-10-17\"}",
            "policy_id": "ANPAZ6MNCAHXDNYH6LTAJ",
            "tags": {},
            "tags_all": {}
          },
          "sensitive_attributes": [],
          "private": "bnVsbA==",
          "dependencies": [
            "aws_s3_bucket.csv_bucket",
            "data.aws_iam_policy_document.s3_write_document"
          ]
        }
      ]
    },
    {
      "mode": "managed",
      "type": "aws_iam_role",
      "name": "extractor_lambda_role",
      "provider": "provider[\"registry.terraform.io/hashicorp/aws\"]",
      "instances": [
        {
          "schema_version": 0,
          "attributes": {
            "arn": "arn:aws:iam::683732500974:role/role-databakers-data_extractor-20230216110403608400000001",
            "assume_role_policy": "{\"Statement\":[{\"Action\":[\"sts:AssumeRole\"],\"Effect\":\"Allow\",\"Principal\":{\"Service\":[\"lambda.amazonaws.com\"]}}],\"Version\":\"2012-10-17\"}",
            "create_date": "2023-02-16T11:04:08Z",
            "description": "",
            "force_detach_policies": false,
            "id": "role-databakers-data_extractor-20230216110403608400000001",
            "inline_policy": [],
            "managed_policy_arns": [
              "arn:aws:iam::683732500974:policy/cw-policy-data_extractor-20230216110403608700000003",
              "arn:aws:iam::683732500974:policy/s3-policy-data_extractor-20230216110406171700000008",
              "arn:aws:iam::683732500974:policy/s3-policy-data_extractor-20230216110406341000000009"
            ],
            "max_session_duration": 3600,
            "name": "role-databakers-data_extractor-20230216110403608400000001",
            "name_prefix": "role-databakers-data_extractor-",
            "path": "/",
            "permissions_boundary": null,
            "tags": {},
            "tags_all": {},
            "unique_id": "AROAZ6MNCAHXJKWDXVVZX"
          },
          "sensitive_attributes": [],
          "private": "bnVsbA=="
        }
      ]
    },
    {
      "mode": "managed",
      "type": "aws_iam_role_policy_attachment",
      "name": "lambda_cw_policy_attachment",
      "provider": "provider[\"registry.terraform.io/hashicorp/aws\"]",
      "instances": [
        {
          "schema_version": 0,
          "attributes": {
            "id": "role-databakers-data_extractor-20230216110403608400000001-20230216110404719200000007",
            "policy_arn": "arn:aws:iam::683732500974:policy/cw-policy-data_extractor-20230216110403608700000003",
            "role": "role-databakers-data_extractor-20230216110403608400000001"
          },
          "sensitive_attributes": [],
          "private": "bnVsbA==",
          "dependencies": [
            "aws_iam_policy.cw_policy",
            "aws_iam_role.extractor_lambda_role",
            "data.aws_caller_identity.current",
            "data.aws_iam_policy_document.cw_document",
            "data.aws_region.current"
          ]
        }
      ]
    },
    {
      "mode": "managed",
      "type": "aws_iam_role_policy_attachment",
      "name": "lambda_s3_read_policy_attachment",
      "provider": "provider[\"registry.terraform.io/hashicorp/aws\"]",
      "instances": [
        {
          "schema_version": 0,
          "attributes": {
            "id": "role-databakers-data_extractor-20230216110403608400000001-2023021611040701740000000b",
            "policy_arn": "arn:aws:iam::683732500974:policy/s3-policy-data_extractor-20230216110406341000000009",
            "role": "role-databakers-data_extractor-20230216110403608400000001"
          },
          "sensitive_attributes": [],
          "private": "bnVsbA==",
          "dependencies": [
            "aws_iam_policy.s3_read_policy",
            "aws_iam_role.extractor_lambda_role",
            "aws_s3_bucket.code_bucket",
            "aws_s3_bucket.tester_bucket",
            "data.aws_iam_policy_document.s3_read_document"
          ]
        }
      ]
    },
    {
      "mode": "managed",
      "type": "aws_iam_role_policy_attachment",
      "name": "lambda_s3_write_policy_attachment",
      "provider": "provider[\"registry.terraform.io/hashicorp/aws\"]",
      "instances": [
        {
          "schema_version": 0,
          "attributes": {
            "id": "role-databakers-data_extractor-20230216110403608400000001-2023021611040678870000000a",
            "policy_arn": "arn:aws:iam::683732500974:policy/s3-policy-data_extractor-20230216110406171700000008",
            "role": "role-databakers-data_extractor-20230216110403608400000001"
          },
          "sensitive_attributes": [],
          "private": "bnVsbA==",
          "dependencies": [
            "aws_iam_policy.s3_write_policy",
            "aws_iam_role.extractor_lambda_role",
            "aws_s3_bucket.csv_bucket",
            "data.aws_iam_policy_document.s3_write_document"
          ]
        }
      ]
    },
    {
      "mode": "managed",
      "type": "aws_lambda_function",
      "name": "data_extractor",
      "provider": "provider[\"registry.terraform.io/hashicorp/aws\"]",
      "instances": [
        {
          "schema_version": 0,
          "attributes": {
            "architectures": [
              "x86_64"
            ],
            "arn": "arn:aws:lambda:us-east-1:683732500974:function:data_extractor",
            "code_signing_config_arn": "",
            "dead_letter_config": [],
            "description": "",
            "environment": [],
            "ephemeral_storage": [
              {
                "size": 512
              }
            ],
            "file_system_config": [],
            "filename": null,
            "function_name": "data_extractor",
            "handler": "reader.lambda_handler",
            "id": "data_extractor",
            "image_config": [],
            "image_uri": "",
            "invoke_arn": "arn:aws:apigateway:us-east-1:lambda:path/2015-03-31/functions/arn:aws:lambda:us-east-1:683732500974:function:data_extractor/invocations",
            "kms_key_arn": "",
            "last_modified": "2023-02-16T11:05:45.099+0000",
            "layers": [],
            "memory_size": 128,
            "package_type": "Zip",
            "publish": false,
            "qualified_arn": "arn:aws:lambda:us-east-1:683732500974:function:data_extractor:$LATEST",
            "qualified_invoke_arn": "arn:aws:apigateway:us-east-1:lambda:path/2015-03-31/functions/arn:aws:lambda:us-east-1:683732500974:function:data_extractor:$LATEST/invocations",
            "replace_security_groups_on_destroy": null,
            "replacement_security_group_ids": null,
            "reserved_concurrent_executions": -1,
            "role": "arn:aws:iam::683732500974:role/role-databakers-data_extractor-20230216110403608400000001",
            "runtime": "python3.9",
            "s3_bucket": "nc-de-databakers-code-valut-20230216110403613200000005",
            "s3_key": "data_extractor_key/extractor_lambda.zip",
            "s3_object_version": null,
            "signing_job_arn": "",
            "signing_profile_version_arn": "",
            "snap_start": [],
            "source_code_hash": "PFRsYFRtEfJ1A5XsGvinBDasqTo+6x+eftz/a0uZcBs=",
            "source_code_size": 1155,
            "tags": {},
            "tags_all": {},
            "timeout": 3,
            "timeouts": null,
            "tracing_config": [
              {
                "mode": "PassThrough"
              }
            ],
            "version": "$LATEST",
            "vpc_config": []
          },
          "sensitive_attributes": [],
          "private": "eyJlMmJmYjczMC1lY2FhLTExZTYtOGY4OC0zNDM2M2JjN2M0YzAiOnsiY3JlYXRlIjo2MDAwMDAwMDAwMDAsInVwZGF0ZSI6NjAwMDAwMDAwMDAwfX0=",
          "dependencies": [
            "aws_iam_role.extractor_lambda_role",
            "aws_s3_bucket.code_bucket"
          ]
        }
      ]
    },
    {
      "mode": "managed",
      "type": "aws_lambda_function",
      "name": "tester_lambda",
      "provider": "provider[\"registry.terraform.io/hashicorp/aws\"]",
      "instances": [
        {
          "schema_version": 0,
          "attributes": {
            "architectures": [
              "x86_64"
            ],
            "arn": "arn:aws:lambda:us-east-1:683732500974:function:tester_lambda",
            "code_signing_config_arn": "",
            "dead_letter_config": [],
            "description": "",
            "environment": [],
            "ephemeral_storage": [
              {
                "size": 512
              }
            ],
            "file_system_config": [],
            "filename": null,
            "function_name": "tester_lambda",
            "handler": "reader.lambda_handler",
            "id": "tester_lambda",
            "image_config": [],
            "image_uri": "",
            "invoke_arn": "arn:aws:apigateway:us-east-1:lambda:path/2015-03-31/functions/arn:aws:lambda:us-east-1:683732500974:function:tester_lambda/invocations",
            "kms_key_arn": "",
            "last_modified": "2023-02-16T11:04:25.739+0000",
            "layers": [],
            "memory_size": 128,
            "package_type": "Zip",
            "publish": false,
            "qualified_arn": "arn:aws:lambda:us-east-1:683732500974:function:tester_lambda:$LATEST",
            "qualified_invoke_arn": "arn:aws:apigateway:us-east-1:lambda:path/2015-03-31/functions/arn:aws:lambda:us-east-1:683732500974:function:tester_lambda:$LATEST/invocations",
            "replace_security_groups_on_destroy": null,
            "replacement_security_group_ids": null,
            "reserved_concurrent_executions": -1,
            "role": "arn:aws:iam::683732500974:role/role-databakers-data_extractor-20230216110403608400000001",
            "runtime": "python3.9",
            "s3_bucket": "nc-de-databakers-code-valut-20230216110403613200000005",
            "s3_key": "tester_lambda_key/tester_lambda.zip",
            "s3_object_version": null,
            "signing_job_arn": "",
            "signing_profile_version_arn": "",
            "snap_start": [],
            "source_code_hash": "lws/erBvEaIU9mkA18qyIcdisJh9eBfp/XsEc7QLLJE=",
            "source_code_size": 1149,
            "tags": {},
            "tags_all": {},
            "timeout": 3,
            "timeouts": null,
            "tracing_config": [
              {
                "mode": "PassThrough"
              }
            ],
            "version": "$LATEST",
            "vpc_config": []
          },
          "sensitive_attributes": [],
          "private": "eyJlMmJmYjczMC1lY2FhLTExZTYtOGY4OC0zNDM2M2JjN2M0YzAiOnsiY3JlYXRlIjo2MDAwMDAwMDAwMDAsInVwZGF0ZSI6NjAwMDAwMDAwMDAwfX0=",
          "dependencies": [
            "aws_iam_role.extractor_lambda_role",
            "aws_s3_bucket.code_bucket"
          ]
        }
      ]
    },
    {
      "mode": "managed",
      "type": "aws_lambda_permission",
      "name": "allow_s3",
      "provider": "provider[\"registry.terraform.io/hashicorp/aws\"]",
      "instances": [
        {
          "schema_version": 0,
          "attributes": {
            "action": "lambda:InvokeFunction",
            "event_source_token": "",
            "function_name": "tester_lambda",
            "function_url_auth_type": "",
            "id": "terraform-2023021611042136660000000c",
            "principal": "s3.amazonaws.com",
            "principal_org_id": "",
            "qualifier": "",
            "source_account": "683732500974",
            "source_arn": "arn:aws:s3:::nc-de-databakers-tester-data-20230216110403613200000006",
            "statement_id": "terraform-2023021611042136660000000c",
            "statement_id_prefix": "terraform-"
          },
          "sensitive_attributes": [],
          "private": "bnVsbA==",
          "dependencies": [
            "aws_iam_role.extractor_lambda_role",
            "aws_lambda_function.tester_lambda",
            "aws_s3_bucket.code_bucket",
            "aws_s3_bucket.tester_bucket",
            "data.aws_caller_identity.current"
          ]
        }
      ]
    },
    {
      "mode": "managed",
      "type": "aws_lambda_permission",
      "name": "allow_scheduler",
      "provider": "provider[\"registry.terraform.io/hashicorp/aws\"]",
      "instances": [
        {
          "schema_version": 0,
          "attributes": {
            "action": "lambda:InvokeFunction",
            "event_source_token": "",
            "function_name": "data_extractor",
            "function_url_auth_type": "",
            "id": "terraform-20230216110540357300000002",
            "principal": "events.amazonaws.com",
            "principal_org_id": "",
            "qualifier": "",
            "source_account": "683732500974",
            "source_arn": "arn:aws:events:us-east-1:683732500974:rule/extractor-scheduler-20230216110539550800000001",
            "statement_id": "terraform-20230216110540357300000002",
            "statement_id_prefix": "terraform-"
          },
          "sensitive_attributes": [],
          "private": "bnVsbA==",
          "dependencies": [
            "aws_cloudwatch_event_rule.extractor_scheduler",
            "aws_iam_role.extractor_lambda_role",
            "aws_lambda_function.data_extractor",
            "aws_s3_bucket.code_bucket",
            "data.aws_caller_identity.current"
          ]
        }
      ]
    },
    {
      "mode": "managed",
      "type": "aws_s3_bucket",
      "name": "code_bucket",
      "provider": "provider[\"registry.terraform.io/hashicorp/aws\"]",
      "instances": [
        {
          "schema_version": 0,
          "attributes": {
            "acceleration_status": "",
            "acl": null,
            "arn": "arn:aws:s3:::nc-de-databakers-code-valut-20230216110403613200000005",
            "bucket": "nc-de-databakers-code-valut-20230216110403613200000005",
            "bucket_domain_name": "nc-de-databakers-code-valut-20230216110403613200000005.s3.amazonaws.com",
            "bucket_prefix": "nc-de-databakers-code-valut-",
            "bucket_regional_domain_name": "nc-de-databakers-code-valut-20230216110403613200000005.s3.amazonaws.com",
            "cors_rule": [],
            "force_destroy": false,
            "grant": [
              {
                "id": "9da4eceaefafa7b05a3e5a7867ad16e6c0ee90f227360b192d14a359c4c13545",
                "permissions": [
                  "FULL_CONTROL"
                ],
                "type": "CanonicalUser",
                "uri": ""
              }
            ],
            "hosted_zone_id": "Z3AQBSTGFYJSTF",
            "id": "nc-de-databakers-code-valut-20230216110403613200000005",
            "lifecycle_rule": [],
            "logging": [],
            "object_lock_configuration": [],
            "object_lock_enabled": false,
            "policy": "",
            "region": "us-east-1",
            "replication_configuration": [],
            "request_payer": "BucketOwner",
            "server_side_encryption_configuration": [],
            "tags": {},
            "tags_all": {},
            "timeouts": null,
            "versioning": [
              {
                "enabled": false,
                "mfa_delete": false
              }
            ],
            "website": [],
            "website_domain": null,
            "website_endpoint": null
          },
          "sensitive_attributes": [],
          "private": "eyJlMmJmYjczMC1lY2FhLTExZTYtOGY4OC0zNDM2M2JjN2M0YzAiOnsiY3JlYXRlIjoxMjAwMDAwMDAwMDAwLCJkZWxldGUiOjM2MDAwMDAwMDAwMDAsInJlYWQiOjEyMDAwMDAwMDAwMDAsInVwZGF0ZSI6MTIwMDAwMDAwMDAwMH19"
        }
      ]
    },
    {
      "mode": "managed",
      "type": "aws_s3_bucket",
      "name": "csv_bucket",
      "provider": "provider[\"registry.terraform.io/hashicorp/aws\"]",
      "instances": [
        {
          "schema_version": 0,
          "attributes": {
            "acceleration_status": "",
            "acl": null,
            "arn": "arn:aws:s3:::nc-de-databakers-csv-store-20230216110403613100000004",
            "bucket": "nc-de-databakers-csv-store-20230216110403613100000004",
            "bucket_domain_name": "nc-de-databakers-csv-store-20230216110403613100000004.s3.amazonaws.com",
            "bucket_prefix": "nc-de-databakers-csv-store-",
            "bucket_regional_domain_name": "nc-de-databakers-csv-store-20230216110403613100000004.s3.amazonaws.com",
            "cors_rule": [],
            "force_destroy": false,
            "grant": [
              {
                "id": "9da4eceaefafa7b05a3e5a7867ad16e6c0ee90f227360b192d14a359c4c13545",
                "permissions": [
                  "FULL_CONTROL"
                ],
                "type": "CanonicalUser",
                "uri": ""
              }
            ],
            "hosted_zone_id": "Z3AQBSTGFYJSTF",
            "id": "nc-de-databakers-csv-store-20230216110403613100000004",
            "lifecycle_rule": [],
            "logging": [],
            "object_lock_configuration": [],
            "object_lock_enabled": false,
            "policy": "",
            "region": "us-east-1",
            "replication_configuration": [],
            "request_payer": "BucketOwner",
            "server_side_encryption_configuration": [],
            "tags": {},
            "tags_all": {},
            "timeouts": null,
            "versioning": [
              {
                "enabled": false,
                "mfa_delete": false
              }
            ],
            "website": [],
            "website_domain": null,
            "website_endpoint": null
          },
          "sensitive_attributes": [],
          "private": "eyJlMmJmYjczMC1lY2FhLTExZTYtOGY4OC0zNDM2M2JjN2M0YzAiOnsiY3JlYXRlIjoxMjAwMDAwMDAwMDAwLCJkZWxldGUiOjM2MDAwMDAwMDAwMDAsInJlYWQiOjEyMDAwMDAwMDAwMDAsInVwZGF0ZSI6MTIwMDAwMDAwMDAwMH19"
        }
      ]
    },
    {
      "mode": "managed",
      "type": "aws_s3_bucket",
      "name": "tester_bucket",
      "provider": "provider[\"registry.terraform.io/hashicorp/aws\"]",
      "instances": [
        {
          "schema_version": 0,
          "attributes": {
            "acceleration_status": "",
            "acl": null,
            "arn": "arn:aws:s3:::nc-de-databakers-tester-data-20230216110403613200000006",
            "bucket": "nc-de-databakers-tester-data-20230216110403613200000006",
            "bucket_domain_name": "nc-de-databakers-tester-data-20230216110403613200000006.s3.amazonaws.com",
            "bucket_prefix": "nc-de-databakers-tester-data-",
            "bucket_regional_domain_name": "nc-de-databakers-tester-data-20230216110403613200000006.s3.amazonaws.com",
            "cors_rule": [],
            "force_destroy": false,
            "grant": [
              {
                "id": "9da4eceaefafa7b05a3e5a7867ad16e6c0ee90f227360b192d14a359c4c13545",
                "permissions": [
                  "FULL_CONTROL"
                ],
                "type": "CanonicalUser",
                "uri": ""
              }
            ],
            "hosted_zone_id": "Z3AQBSTGFYJSTF",
            "id": "nc-de-databakers-tester-data-20230216110403613200000006",
            "lifecycle_rule": [],
            "logging": [],
            "object_lock_configuration": [],
            "object_lock_enabled": false,
            "policy": "",
            "region": "us-east-1",
            "replication_configuration": [],
            "request_payer": "BucketOwner",
            "server_side_encryption_configuration": [],
            "tags": {},
            "tags_all": {},
            "timeouts": null,
            "versioning": [
              {
                "enabled": false,
                "mfa_delete": false
              }
            ],
            "website": [],
            "website_domain": null,
            "website_endpoint": null
          },
          "sensitive_attributes": [],
          "private": "eyJlMmJmYjczMC1lY2FhLTExZTYtOGY4OC0zNDM2M2JjN2M0YzAiOnsiY3JlYXRlIjoxMjAwMDAwMDAwMDAwLCJkZWxldGUiOjM2MDAwMDAwMDAwMDAsInJlYWQiOjEyMDAwMDAwMDAwMDAsInVwZGF0ZSI6MTIwMDAwMDAwMDAwMH19"
        }
      ]
    },
    {
      "mode": "managed",
      "type": "aws_s3_bucket_notification",
      "name": "bucket_notification",
      "provider": "provider[\"registry.terraform.io/hashicorp/aws\"]",
      "instances": [
        {
          "schema_version": 0,
          "attributes": {
            "bucket": "nc-de-databakers-tester-data-20230216110403613200000006",
            "eventbridge": false,
            "id": "nc-de-databakers-tester-data-20230216110403613200000006",
            "lambda_function": [
              {
                "events": [
                  "s3:ObjectCreated:*"
                ],
                "filter_prefix": "",
                "filter_suffix": "",
                "id": "tf-s3-lambda-2023021611042165420000000d",
                "lambda_function_arn": "arn:aws:lambda:us-east-1:683732500974:function:tester_lambda"
              }
            ],
            "queue": [],
            "topic": []
          },
          "sensitive_attributes": [],
          "private": "bnVsbA==",
          "dependencies": [
            "aws_iam_role.extractor_lambda_role",
            "aws_lambda_function.tester_lambda",
            "aws_lambda_permission.allow_s3",
            "aws_s3_bucket.code_bucket",
            "aws_s3_bucket.tester_bucket",
            "data.aws_caller_identity.current"
          ]
        }
      ]
    },
    {
      "mode": "managed",
      "type": "aws_s3_object",
      "name": "csv_input_bucket_setup",
      "provider": "provider[\"registry.terraform.io/hashicorp/aws\"]",
      "instances": [
        {
          "schema_version": 0,
          "attributes": {
            "acl": "private",
            "bucket": "nc-de-databakers-csv-store-20230216110403613100000004",
            "bucket_key_enabled": false,
            "cache_control": "",
            "content": null,
            "content_base64": null,
            "content_disposition": "",
            "content_encoding": "",
            "content_language": "",
            "content_type": "binary/octet-stream",
            "etag": "0e743b0daf0a1893a11002ea9596bbde",
            "force_destroy": false,
            "id": "input_csv_key/setup_success_csv_input.txt",
            "key": "input_csv_key/setup_success_csv_input.txt",
            "kms_key_id": null,
            "metadata": {},
            "object_lock_legal_hold_status": "",
            "object_lock_mode": "",
            "object_lock_retain_until_date": "",
            "server_side_encryption": "",
            "source": "./code_zip/setup_success_csv_input.txt",
            "source_hash": null,
            "storage_class": "STANDARD",
            "tags": {},
            "tags_all": {},
            "version_id": "",
            "website_redirect": ""
          },
          "sensitive_attributes": [],
          "private": "bnVsbA==",
          "dependencies": [
            "aws_s3_bucket.csv_bucket"
          ]
        }
      ]
    },
    {
      "mode": "managed",
      "type": "aws_s3_object",
      "name": "csv_processed_bucket_setup",
      "provider": "provider[\"registry.terraform.io/hashicorp/aws\"]",
      "instances": [
        {
          "schema_version": 0,
          "attributes": {
            "acl": "private",
            "bucket": "nc-de-databakers-csv-store-20230216110403613100000004",
            "bucket_key_enabled": false,
            "cache_control": "",
            "content": null,
            "content_base64": null,
            "content_disposition": "",
            "content_encoding": "",
            "content_language": "",
            "content_type": "binary/octet-stream",
            "etag": "fa1dae9b592166a6d0664a5bbf8c70d2",
            "force_destroy": false,
            "id": "processed_csv_key/setup_success_csv_processed.txt",
            "key": "processed_csv_key/setup_success_csv_processed.txt",
            "kms_key_id": null,
            "metadata": {},
            "object_lock_legal_hold_status": "",
            "object_lock_mode": "",
            "object_lock_retain_until_date": "",
            "server_side_encryption": "",
            "source": "./code_zip/setup_success_csv_processed.txt",
            "source_hash": null,
            "storage_class": "STANDARD",
            "tags": {},
            "tags_all": {},
            "version_id": "",
            "website_redirect": ""
          },
          "sensitive_attributes": [],
          "private": "bnVsbA==",
          "dependencies": [
            "aws_s3_bucket.csv_bucket"
          ]
        }
      ]
    },
    {
      "mode": "managed",
      "type": "aws_s3_object",
      "name": "extractor_lambda_code",
      "provider": "provider[\"registry.terraform.io/hashicorp/aws\"]",
      "instances": [
        {
          "schema_version": 0,
          "attributes": {
            "acl": "private",
            "bucket": "nc-de-databakers-code-valut-20230216110403613200000005",
            "bucket_key_enabled": false,
            "cache_control": "",
            "content": null,
            "content_base64": null,
            "content_disposition": "",
            "content_encoding": "",
            "content_language": "",
            "content_type": "binary/octet-stream",
            "etag": "99b69416ee20cc5a8e7cd2d2a616d071",
            "force_destroy": false,
            "id": "data_extractor_key/extractor_lambda.zip",
            "key": "data_extractor_key/extractor_lambda.zip",
            "kms_key_id": null,
            "metadata": {},
            "object_lock_legal_hold_status": "",
            "object_lock_mode": "",
            "object_lock_retain_until_date": "",
            "server_side_encryption": "",
            "source": "./code_zip/extractor_lambda.zip",
            "source_hash": null,
            "storage_class": "STANDARD",
            "tags": {},
            "tags_all": {},
            "version_id": "",
            "website_redirect": ""
          },
          "sensitive_attributes": [],
          "private": "bnVsbA==",
          "dependencies": [
            "aws_s3_bucket.code_bucket"
          ]
        }
      ]
    },
    {
      "mode": "managed",
      "type": "aws_s3_object",
      "name": "tester_lambda_code",
      "provider": "provider[\"registry.terraform.io/hashicorp/aws\"]",
      "instances": [
        {
          "schema_version": 0,
          "attributes": {
            "acl": "private",
            "bucket": "nc-de-databakers-code-valut-20230216110403613200000005",
            "bucket_key_enabled": false,
            "cache_control": "",
            "content": null,
            "content_base64": null,
            "content_disposition": "",
            "content_encoding": "",
            "content_language": "",
            "content_type": "binary/octet-stream",
            "etag": "dad8fb40dbb4666904062be71ee009fc",
            "force_destroy": false,
            "id": "tester_lambda_key/tester_lambda.zip",
            "key": "tester_lambda_key/tester_lambda.zip",
            "kms_key_id": null,
            "metadata": {},
            "object_lock_legal_hold_status": "",
            "object_lock_mode": "",
            "object_lock_retain_until_date": "",
            "server_side_encryption": "",
            "source": "./code_zip/tester_lambda.zip",
            "source_hash": null,
            "storage_class": "STANDARD",
            "tags": {},
            "tags_all": {},
            "version_id": "",
            "website_redirect": ""
          },
          "sensitive_attributes": [],
          "private": "bnVsbA==",
          "dependencies": [
            "aws_s3_bucket.code_bucket"
          ]
        }
      ]
    },
    {
      "mode": "managed",
      "type": "aws_secretsmanager_secret",
      "name": "sm_totesys",
      "provider": "provider[\"registry.terraform.io/hashicorp/aws\"]",
      "instances": [
        {
          "schema_version": 0,
          "attributes": {
            "arn": "arn:aws:secretsmanager:us-east-1:683732500974:secret:totesys_creds-nXbOGK",
            "description": "",
            "force_overwrite_replica_secret": false,
            "id": "arn:aws:secretsmanager:us-east-1:683732500974:secret:totesys_creds-nXbOGK",
            "kms_key_id": "",
            "name": "totesys_creds",
            "name_prefix": "",
            "policy": "{\"Statement\":[{\"Action\":\"secretsmanager:GetSecretValue\",\"Effect\":\"Allow\",\"Principal\":{\"AWS\":\"arn:aws:iam::683732500974:root\"},\"Resource\":\"*\",\"Sid\":\"EnableAnotherAWSAccountToReadTheSecret\"}],\"Version\":\"2012-10-17\"}",
            "recovery_window_in_days": 30,
            "replica": [],
            "rotation_enabled": false,
            "rotation_lambda_arn": "",
            "rotation_rules": [],
            "tags": {},
            "tags_all": {}
          },
          "sensitive_attributes": [],
          "private": "bnVsbA=="
        }
      ]
    },
    {
      "mode": "managed",
      "type": "aws_secretsmanager_secret_policy",
      "name": "sm_policy",
      "provider": "provider[\"registry.terraform.io/hashicorp/aws\"]",
      "instances": [
        {
          "schema_version": 0,
          "attributes": {
            "block_public_policy": null,
            "id": "arn:aws:secretsmanager:us-east-1:683732500974:secret:totesys_creds-nXbOGK",
            "policy": "{\"Statement\":[{\"Action\":\"secretsmanager:GetSecretValue\",\"Effect\":\"Allow\",\"Principal\":{\"AWS\":\"arn:aws:iam::683732500974:root\"},\"Resource\":\"*\",\"Sid\":\"EnableAnotherAWSAccountToReadTheSecret\"}],\"Version\":\"2012-10-17\"}",
            "secret_arn": "arn:aws:secretsmanager:us-east-1:683732500974:secret:totesys_creds-nXbOGK"
          },
          "sensitive_attributes": [],
          "private": "bnVsbA==",
          "dependencies": [
            "aws_secretsmanager_secret.sm_totesys",
            "data.aws_caller_identity.current"
          ]
        }
      ]
    },
    {
      "mode": "managed",
      "type": "aws_secretsmanager_secret_version",
      "name": "sm_totesys",
      "provider": "provider[\"registry.terraform.io/hashicorp/aws\"]",
      "instances": [
        {
          "schema_version": 0,
          "attributes": {
            "arn": "arn:aws:secretsmanager:us-east-1:683732500974:secret:totesys_creds-nXbOGK",
            "id": "arn:aws:secretsmanager:us-east-1:683732500974:secret:totesys_creds-nXbOGK|12B745EC-0101-4210-B5C9-58435F08A17C",
            "secret_binary": "",
            "secret_id": "arn:aws:secretsmanager:us-east-1:683732500974:secret:totesys_creds-nXbOGK",
            "secret_string": "{\"database\":\"totesys\",\"host\":\"nc-data-eng-totesys-production.chpsczt8h1nu.eu-west-2.rds.amazonaws.com\",\"password\":\"paxjekPK3hDXu2aXcJ9xyuBS\",\"port\":\"5432\",\"username\":\"project_user_2\"}",
            "version_id": "12B745EC-0101-4210-B5C9-58435F08A17C",
            "version_stages": [
              "AWSCURRENT"
            ]
          },
          "sensitive_attributes": [
            [
              {
                "type": "get_attr",
                "value": "secret_string"
              }
            ]
          ],
          "private": "bnVsbA==",
          "dependencies": [
            "aws_secretsmanager_secret.sm_totesys"
          ]
        }
      ]
    }
  ],
  "check_results": null
}
